<?xml version="1.0" encoding="utf-8"?>
<Project ToolsVersion="4.0" xmlns="http://schemas.microsoft.com/developer/msbuild/2003">
  <ItemGroup>
    <Filter Include="Source Files">
      <UniqueIdentifier>{4FC737F1-C7A5-4376-A066-2A32D752A2FF}</UniqueIdentifier>
      <Extensions>cpp;c;cc;cxx;def;odl;idl;hpj;bat;asm;asmx</Extensions>
    </Filter>
    <Filter Include="Header Files">
      <UniqueIdentifier>{93995380-89BD-4b04-88EB-625FBE52EBFB}</UniqueIdentifier>
      <Extensions>h;hpp;hxx;hm;inl;inc;xsd</Extensions>
    </Filter>
    <Filter Include="Resource Files">
      <UniqueIdentifier>{67DA6AB6-F800-4c08-8B7A-83BB121AAD01}</UniqueIdentifier>
      <Extensions>rc;ico;cur;bmp;dlg;rc2;rct;bin;rgs;gif;jpg;jpeg;jpe;resx;tiff;tif;png;wav</Extensions>
    </Filter>
  </ItemGroup>
  <ItemGroup>
    <ClCompile Include="a3_db_io.cpp">
      <Filter>Source Files</Filter>
    </ClCompile>
    <ClCompile Include="a3_ui_text.cpp">
      <Filter>Source Files</Filter>
    </ClCompile>
    <ClCompile Include="error_handling.cpp">
      <Filter>Source Files</Filter>
    </ClCompile>
    <ClCompile Include="Main.cpp">
      <Filter>Source Files</Filter>
    </ClCompile>
    <ClCompile Include="section.cpp">
      <Filter>Source Files</Filter>
    </ClCompile>
    <ClCompile Include="spieler.cpp">
      <Filter>Source Files</Filter>
    </ClCompile>
    <ClCompile Include="verein.cpp">
      <Filter>Source Files</Filter>
    </ClCompile>
    <ClCompile Include="a3_db_converter.cpp">
      <Filter>Source Files</Filter>
    </ClCompile>
    <ClCompile Include="value_pair.cpp">
      <Filter>Source Files</Filter>
    </ClCompile>
    <ClCompile Include="land.cpp">
      <Filter>Source Files</Filter>
    </ClCompile>
    <ClCompile Include="xml_io.cpp">
      <Filter>Source Files</Filter>
    </ClCompile>
    <ClCompile Include="tinystr.cpp">
      <Filter>Source Files</Filter>
    </ClCompile>
    <ClCompile Include="tinyxml.cpp">
      <Filter>Source Files</Filter>
    </ClCompile>
    <ClCompile Include="tinyxmlerror.cpp">
      <Filter>Source Files</Filter>
    </ClCompile>
    <ClCompile Include="tinyxmlparser.cpp">
      <Filter>Source Files</Filter>
    </ClCompile>
    <ClCompile Include="charset_text_convert.cpp">
      <Filter>Source Files</Filter>
    </ClCompile>
    <ClCompile Include="manager.cpp">
      <Filter>Source Files</Filter>
    </ClCompile>
    <ClCompile Include="trainer.cpp">
      <Filter>Source Files</Filter>
    </ClCompile>
    <ClCompile Include="stadion.cpp">
      <Filter>Source Files</Filter>
    </ClCompile>
    <ClCompile Include="amateurv.cpp">
      <Filter>Source Files</Filter>
    </ClCompile>
    <ClCompile Include="ajugend.cpp">
      <Filter>Source Files</Filter>
    </ClCompile>
    <ClCompile Include="twtrainer.cpp">
      <Filter>Source Files</Filter>
    </ClCompile>
    <ClCompile Include="schiri.cpp">
      <Filter>Source Files</Filter>
    </ClCompile>
    <ClCompile Include="sponsor.cpp">
      <Filter>Source Files</Filter>
    </ClCompile>
    <ClCompile Include="promi.cpp">
      <Filter>Source Files</Filter>
    </ClCompile>
    <ClCompile Include="reporter.cpp">
      <Filter>Source Files</Filter>
    </ClCompile>
    <ClCompile Include="kritiker.cpp">
      <Filter>Source Files</Filter>
    </ClCompile>
    <ClCompile Include="vpraesid.cpp">
      <Filter>Source Files</Filter>
    </ClCompile>
    <ClCompile Include="os_lib.cpp">
      <Filter>Source Files</Filter>
    </ClCompile>
    <ClCompile Include="aspieler.cpp">
      <Filter>Source Files</Filter>
    </ClCompile>
    <ClCompile Include="a3_db_file_lib.cpp">
      <Filter>Source Files</Filter>
    </ClCompile>
    <ClCompile Include="eurosieger.cpp">
      <Filter>Source Files</Filter>
    </ClCompile>
    <ClCompile Include="ischiri.cpp">
      <Filter>Source Files</Filter>
    </ClCompile>
    <ClCompile Include="nation.cpp">
      <Filter>Source Files</Filter>
    </ClCompile>
    <ClCompile Include="misc_lib.cpp">
      <Filter>Source Files</Filter>
    </ClCompile>
    <ClCompile Include="iverein.cpp">
      <Filter>Source Files</Filter>
    </ClCompile>
    <ClCompile Include="cleaguegrp.cpp">
      <Filter>Source Files</Filter>
    </ClCompile>
    <ClCompile Include="turniergrp.cpp">
      <Filter>Source Files</Filter>
    </ClCompile>
    <ClCompile Include="liga.cpp">
      <Filter>Source Files</Filter>
    </ClCompile>
    <ClCompile Include="spiel.cpp">
      <Filter>Source Files</Filter>
    </ClCompile>
    <ClCompile Include="spielplan_verein.cpp">
      <Filter>Source Files</Filter>
    </ClCompile>
    <ClCompile Include="bimap.cpp">
      <Filter>Source Files</Filter>
    </ClCompile>
    <ClCompile Include="spieler_enum.cpp">
      <Filter>Source Files</Filter>
    </ClCompile>
    <ClCompile Include="verein_enum.cpp">
      <Filter>Source Files</Filter>
    </ClCompile>
    <ClCompile Include="enum_value.cpp">
      <Filter>Source Files</Filter>
    </ClCompile>
    <ClCompile Include="stadion_enum.cpp">
      <Filter>Source Files</Filter>
    </ClCompile>
    <ClCompile Include="schiri_enum.cpp">
      <Filter>Source Files</Filter>
    </ClCompile>
    <ClCompile Include="trainer_enum.cpp">
      <Filter>Source Files</Filter>
    </ClCompile>
    <ClCompile Include="ajugend_enum.cpp">
      <Filter>Source Files</Filter>
    </ClCompile>
    <ClCompile Include="reporter_enum.cpp">
      <Filter>Source Files</Filter>
    </ClCompile>
  </ItemGroup>
  <ItemGroup>
    <ClInclude Include="a3_db_io.h">
      <Filter>Header Files</Filter>
    </ClInclude>
    <ClInclude Include="a3_ui_text.h">
      <Filter>Header Files</Filter>
    </ClInclude>
    <ClInclude Include="error_handling.h">
      <Filter>Header Files</Filter>
    </ClInclude>
    <ClInclude Include="section.h">
      <Filter>Header Files</Filter>
    </ClInclude>
    <ClInclude Include="spieler.h">
      <Filter>Header Files</Filter>
    </ClInclude>
    <ClInclude Include="verein.h">
      <Filter>Header Files</Filter>
    </ClInclude>
    <ClInclude Include="a3_db_converter.h">
      <Filter>Header Files</Filter>
    </ClInclude>
    <ClInclude Include="value_pair.h">
      <Filter>Header Files</Filter>
    </ClInclude>
    <ClInclude Include="land.h">
      <Filter>Header Files</Filter>
    </ClInclude>
    <ClInclude Include="xml_io.h">
      <Filter>Header Files</Filter>
    </ClInclude>
    <ClInclude Include="resource.h">
      <Filter>Header Files</Filter>
    </ClInclude>
    <ClInclude Include="tinystr.h">
      <Filter>Header Files</Filter>
    </ClInclude>
    <ClInclude Include="tinyxml.h">
      <Filter>Header Files</Filter>
    </ClInclude>
    <ClInclude Include="charset_text_convert.h">
      <Filter>Header Files</Filter>
    </ClInclude>
    <ClInclude Include="manager.h">
      <Filter>Header Files</Filter>
    </ClInclude>
    <ClInclude Include="trainer.h">
      <Filter>Header Files</Filter>
    </ClInclude>
    <ClInclude Include="stadion.h">
      <Filter>Header Files</Filter>
    </ClInclude>
    <ClInclude Include="amateurv.h">
      <Filter>Header Files</Filter>
    </ClInclude>
    <ClInclude Include="sub_sections.h">
      <Filter>Header Files</Filter>
    </ClInclude>
    <ClInclude Include="ajugend.h">
      <Filter>Header Files</Filter>
    </ClInclude>
    <ClInclude Include="twtrainer.h">
      <Filter>Header Files</Filter>
    </ClInclude>
    <ClInclude Include="schiri.h">
      <Filter>Header Files</Filter>
    </ClInclude>
    <ClInclude Include="sponsor.h">
      <Filter>Header Files</Filter>
    </ClInclude>
    <ClInclude Include="promi.h">
      <Filter>Header Files</Filter>
    </ClInclude>
    <ClInclude Include="reporter.h">
      <Filter>Header Files</Filter>
    </ClInclude>
    <ClInclude Include="kritiker.h">
      <Filter>Header Files</Filter>
    </ClInclude>
    <ClInclude Include="vpraesid.h">
      <Filter>Header Files</Filter>
    </ClInclude>
    <ClInclude Include="os_lib.h">
      <Filter>Header Files</Filter>
    </ClInclude>
    <ClInclude Include="aspieler.h">
      <Filter>Header Files</Filter>
    </ClInclude>
    <ClInclude Include="a3_db_file_lib.h">
      <Filter>Header Files</Filter>
    </ClInclude>
    <ClInclude Include="eurosieger.h">
      <Filter>Header Files</Filter>
    </ClInclude>
    <ClInclude Include="ischiri.h">
      <Filter>Header Files</Filter>
    </ClInclude>
    <ClInclude Include="nation.h">
      <Filter>Header Files</Filter>
    </ClInclude>
    <ClInclude Include="misc_lib.h">
      <Filter>Header Files</Filter>
    </ClInclude>
    <ClInclude Include="iverein.h">
      <Filter>Header Files</Filter>
    </ClInclude>
    <ClInclude Include="cleaguegrp.h">
      <Filter>Header Files</Filter>
    </ClInclude>
    <ClInclude Include="turniergrp.h">
      <Filter>Header Files</Filter>
    </ClInclude>
    <ClInclude Include="liga.h">
      <Filter>Header Files</Filter>
    </ClInclude>
    <ClInclude Include="spiel.h">
      <Filter>Header Files</Filter>
    </ClInclude>
    <ClInclude Include="spielplan_verein.h">
      <Filter>Header Files</Filter>
    </ClInclude>
    <ClInclude Include="bimap.h">
      <Filter>Header Files</Filter>
    </ClInclude>
    <ClInclude Include="spieler_enum.h">
      <Filter>Header Files</Filter>
    </ClInclude>
    <ClInclude Include="verein_enum.h">
      <Filter>Header Files</Filter>
    </ClInclude>
    <ClInclude Include="enum_value.h">
      <Filter>Header Files</Filter>
    </ClInclude>
    <ClInclude Include="stadion_enum.h">
      <Filter>Header Files</Filter>
    </ClInclude>
    <ClInclude Include="schiri_enum.h">
      <Filter>Header Files</Filter>
    </ClInclude>
    <ClInclude Include="trainer_enum.h">
      <Filter>Header Files</Filter>
    </ClInclude>
    <ClInclude Include="ajugend_enum.h">
      <Filter>Header Files</Filter>
    </ClInclude>
    <ClInclude Include="reporter_enum.h">
      <Filter>Header Files</Filter>
    </ClInclude>
  </ItemGroup>
  <ItemGroup>
    <ResourceCompile Include="EZ001 - Anstoss 3 Batch Text Editor.rc">
      <Filter>Resource Files</Filter>
    </ResourceCompile>
  </ItemGroup>
</Project>